
Microsoft Visual Studio Solution File, Format Version 12.00
# Visual Studio Version 17
VisualStudioVersion = 17.14.36212.18 d17.14
MinimumVisualStudioVersion = 10.0.40219.1
Project("{FAE04EC0-301F-11D3-BF4B-00C04F79EFBC}") = "Banking_Application", "Banking_Application\Banking_Application.csproj", "{80F7D2C6-CCB0-4D71-8808-38294F54B91B}"
EndProject
Global
	GlobalSection(SolutionConfigurationPlatforms) = preSolution
		Debug|Any CPU = Debug|Any CPU
		Release|Any CPU = Release|Any CPU
	EndGlobalSection
	GlobalSection(ProjectConfigurationPlatforms) = postSolution
		{80F7D2C6-CCB0-4D71-8808-38294F54B91B}.Debug|Any CPU.ActiveCfg = Debug|Any CPU
		{80F7D2C6-CCB0-4D71-8808-38294F54B91B}.Debug|Any CPU.Build.0 = Debug|Any CPU
		{80F7D2C6-CCB0-4D71-8808-38294F54B91B}.Release|Any CPU.ActiveCfg = Release|Any CPU
		{80F7D2C6-CCB0-4D71-8808-38294F54B91B}.Release|Any CPU.Build.0 = Release|Any CPU
	EndGlobalSection
	GlobalSection(SolutionProperties) = preSolution
		HideSolutionNode = FALSE
	EndGlobalSection
	GlobalSection(ExtensibilityGlobals) = postSolution
		SolutionGuid = {313F7971-0994-4876-9571-6FB7AFBDF79B}
	EndGlobalSection
EndGlobal
